
Microsoft Visual Studio Solution File, Format Version 12.00
# Visual Studio Version 17
VisualStudioVersion = 17.14.36202.13
MinimumVisualStudioVersion = 10.0.40219.1
Project("{FAE04EC0-301F-11D3-BF4B-00C04F79EFBC}") = "DTOs", "DTOs\DTOs.csproj", "{23FEF7BE-EE84-40CF-BADB-B6E0A407E37D}"
EndProject
Project("{2150E333-8FDC-42A3-9474-1A3956D46DE8}") = "0_DTOs", "0_DTOs", "{02EA681E-C7D8-13C7-8484-4AC65E1B71E8}"
EndProject
Project("{2150E333-8FDC-42A3-9474-1A3956D46DE8}") = "1_DataAccess", "1_DataAccess", "{10C7B174-D6A5-4E99-9533-839F1F3D26CE}"
EndProject
Project("{FAE04EC0-301F-11D3-BF4B-00C04F79EFBC}") = "DataAccess", "DataAccess\DataAccess.csproj", "{479EC948-DFF1-40F3-AC89-D73F24C71580}"
EndProject
Project("{2150E333-8FDC-42A3-9474-1A3956D46DE8}") = "2_CoreApp", "2_CoreApp", "{07D327B7-863D-404F-9EE3-D68AFE894808}"
EndProject
Project("{FAE04EC0-301F-11D3-BF4B-00C04F79EFBC}") = "CoreApp", "CoreApp\CoreApp.csproj", "{1C405119-D4D5-4D95-BD68-C137489FFB81}"
EndProject
Project("{2150E333-8FDC-42A3-9474-1A3956D46DE8}") = "3_Exceptions", "3_Exceptions", "{9E84639E-A668-45D1-AC03-6FF0E452B671}"
EndProject
Project("{FAE04EC0-301F-11D3-BF4B-00C04F79EFBC}") = "ExceptionManager", "ExceptionManager\ExceptionManager.csproj", "{93906967-1C67-46DF-A1E3-51069DDF1C40}"
EndProject
Project("{2150E333-8FDC-42A3-9474-1A3956D46DE8}") = "4_WebApi", "4_WebApi", "{FD7F2CA0-4E86-44F8-B08D-B01EFA9C13D3}"
EndProject
Project("{FAE04EC0-301F-11D3-BF4B-00C04F79EFBC}") = "WebAPI", "WebAPI\WebAPI.csproj", "{CE617100-B5CA-4DF6-8D4D-2D81C74AB3D1}"
EndProject
Project("{2150E333-8FDC-42A3-9474-1A3956D46DE8}") = "5_WebApp", "5_WebApp", "{1F8BAC03-4E6B-4EA0-BFF5-ED7E3F6540E4}"
EndProject
Project("{FAE04EC0-301F-11D3-BF4B-00C04F79EFBC}") = "WebApp", "WebApp\WebApp.csproj", "{9B615887-3659-4A72-89C3-B6222A674665}"
EndProject
Project("{2150E333-8FDC-42A3-9474-1A3956D46DE8}") = "99_Testing", "99_Testing", "{EA10B554-2870-4500-9FFA-0E783244EB30}"
EndProject
Project("{FAE04EC0-301F-11D3-BF4B-00C04F79EFBC}") = "DevTester", "DevTester\DevTester.csproj", "{F6191B3B-91A0-4626-B761-2B6BF695F7C6}"
EndProject
Global
	GlobalSection(SolutionConfigurationPlatforms) = preSolution
		Debug|Any CPU = Debug|Any CPU
		Release|Any CPU = Release|Any CPU
	EndGlobalSection
	GlobalSection(ProjectConfigurationPlatforms) = postSolution
		{23FEF7BE-EE84-40CF-BADB-B6E0A407E37D}.Debug|Any CPU.ActiveCfg = Debug|Any CPU
		{23FEF7BE-EE84-40CF-BADB-B6E0A407E37D}.Debug|Any CPU.Build.0 = Debug|Any CPU
		{23FEF7BE-EE84-40CF-BADB-B6E0A407E37D}.Release|Any CPU.ActiveCfg = Release|Any CPU
		{23FEF7BE-EE84-40CF-BADB-B6E0A407E37D}.Release|Any CPU.Build.0 = Release|Any CPU
		{479EC948-DFF1-40F3-AC89-D73F24C71580}.Debug|Any CPU.ActiveCfg = Debug|Any CPU
		{479EC948-DFF1-40F3-AC89-D73F24C71580}.Debug|Any CPU.Build.0 = Debug|Any CPU
		{479EC948-DFF1-40F3-AC89-D73F24C71580}.Release|Any CPU.ActiveCfg = Release|Any CPU
		{479EC948-DFF1-40F3-AC89-D73F24C71580}.Release|Any CPU.Build.0 = Release|Any CPU
		{1C405119-D4D5-4D95-BD68-C137489FFB81}.Debug|Any CPU.ActiveCfg = Debug|Any CPU
		{1C405119-D4D5-4D95-BD68-C137489FFB81}.Debug|Any CPU.Build.0 = Debug|Any CPU
		{1C405119-D4D5-4D95-BD68-C137489FFB81}.Release|Any CPU.ActiveCfg = Release|Any CPU
		{1C405119-D4D5-4D95-BD68-C137489FFB81}.Release|Any CPU.Build.0 = Release|Any CPU
		{93906967-1C67-46DF-A1E3-51069DDF1C40}.Debug|Any CPU.ActiveCfg = Debug|Any CPU
		{93906967-1C67-46DF-A1E3-51069DDF1C40}.Debug|Any CPU.Build.0 = Debug|Any CPU
		{93906967-1C67-46DF-A1E3-51069DDF1C40}.Release|Any CPU.ActiveCfg = Release|Any CPU
		{93906967-1C67-46DF-A1E3-51069DDF1C40}.Release|Any CPU.Build.0 = Release|Any CPU
		{CE617100-B5CA-4DF6-8D4D-2D81C74AB3D1}.Debug|Any CPU.ActiveCfg = Debug|Any CPU
		{CE617100-B5CA-4DF6-8D4D-2D81C74AB3D1}.Debug|Any CPU.Build.0 = Debug|Any CPU
		{CE617100-B5CA-4DF6-8D4D-2D81C74AB3D1}.Release|Any CPU.ActiveCfg = Release|Any CPU
		{CE617100-B5CA-4DF6-8D4D-2D81C74AB3D1}.Release|Any CPU.Build.0 = Release|Any CPU
		{9B615887-3659-4A72-89C3-B6222A674665}.Debug|Any CPU.ActiveCfg = Debug|Any CPU
		{9B615887-3659-4A72-89C3-B6222A674665}.Debug|Any CPU.Build.0 = Debug|Any CPU
		{9B615887-3659-4A72-89C3-B6222A674665}.Release|Any CPU.ActiveCfg = Release|Any CPU
		{9B615887-3659-4A72-89C3-B6222A674665}.Release|Any CPU.Build.0 = Release|Any CPU
		{F6191B3B-91A0-4626-B761-2B6BF695F7C6}.Debug|Any CPU.ActiveCfg = Debug|Any CPU
		{F6191B3B-91A0-4626-B761-2B6BF695F7C6}.Debug|Any CPU.Build.0 = Debug|Any CPU
		{F6191B3B-91A0-4626-B761-2B6BF695F7C6}.Release|Any CPU.ActiveCfg = Release|Any CPU
		{F6191B3B-91A0-4626-B761-2B6BF695F7C6}.Release|Any CPU.Build.0 = Release|Any CPU
	EndGlobalSection
	GlobalSection(SolutionProperties) = preSolution
		HideSolutionNode = FALSE
	EndGlobalSection
	GlobalSection(NestedProjects) = preSolution
		{23FEF7BE-EE84-40CF-BADB-B6E0A407E37D} = {02EA681E-C7D8-13C7-8484-4AC65E1B71E8}
		{479EC948-DFF1-40F3-AC89-D73F24C71580} = {10C7B174-D6A5-4E99-9533-839F1F3D26CE}
		{1C405119-D4D5-4D95-BD68-C137489FFB81} = {07D327B7-863D-404F-9EE3-D68AFE894808}
		{93906967-1C67-46DF-A1E3-51069DDF1C40} = {9E84639E-A668-45D1-AC03-6FF0E452B671}
		{CE617100-B5CA-4DF6-8D4D-2D81C74AB3D1} = {FD7F2CA0-4E86-44F8-B08D-B01EFA9C13D3}
		{9B615887-3659-4A72-89C3-B6222A674665} = {1F8BAC03-4E6B-4EA0-BFF5-ED7E3F6540E4}
		{F6191B3B-91A0-4626-B761-2B6BF695F7C6} = {EA10B554-2870-4500-9FFA-0E783244EB30}
	EndGlobalSection
	GlobalSection(ExtensibilityGlobals) = postSolution
		SolutionGuid = {231A4B62-97C5-4D16-8A85-1A6ED20DC86B}
	EndGlobalSection
EndGlobal
